// !$*UTF8*$!
{
	archiveVersion = 1;
	classes = {
	};
	objectVersion = 46;
	objects = {

/* Begin PBXBuildFile section */
		8CBADABA1F2C088800FCD7FB /* main.m in Sources */ = {isa = PBXBuildFile; fileRef = 8CBADAB91F2C088800FCD7FB /* main.m */; };
		8CBADABD1F2C088800FCD7FB /* AppDelegate.m in Sources */ = {isa = PBXBuildFile; fileRef = 8CBADABC1F2C088800FCD7FB /* AppDelegate.m */; };
		8CBADAC01F2C088800FCD7FB /* ViewController.m in Sources */ = {isa = PBXBuildFile; fileRef = 8CBADABF1F2C088800FCD7FB /* ViewController.m */; };
		8CBADAC31F2C088800FCD7FB /* Main.storyboard in Resources */ = {isa = PBXBuildFile; fileRef = 8CBADAC11F2C088800FCD7FB /* Main.storyboard */; };
		8CBADAC51F2C088800FCD7FB /* Assets.xcassets in Resources */ = {isa = PBXBuildFile; fileRef = 8CBADAC41F2C088800FCD7FB /* Assets.xcassets */; };
		8CBADAC81F2C088800FCD7FB /* LaunchScreen.storyboard in Resources */ = {isa = PBXBuildFile; fileRef = 8CBADAC61F2C088800FCD7FB /* LaunchScreen.storyboard */; };
		8CBADAEA1F2C08DD00FCD7FB /* TrustKit.framework in Frameworks */ = {isa = PBXBuildFile; fileRef = 8CBADADB1F2C08B900FCD7FB /* TrustKit.framework */; };
		8CBADAEB1F2C08DD00FCD7FB /* TrustKit.framework in Embed Frameworks */ = {isa = PBXBuildFile; fileRef = 8CBADADB1F2C08B900FCD7FB /* TrustKit.framework */; settings = {ATTRIBUTES = (CodeSignOnCopy, RemoveHeadersOnCopy, ); }; };
/* End PBXBuildFile section */

/* Begin PBXContainerItemProxy section */
		8CBADADA1F2C08B900FCD7FB /* PBXContainerItemProxy */ = {
			isa = PBXContainerItemProxy;
			containerPortal = 8CBADACF1F2C08B900FCD7FB /* TrustKit.xcodeproj */;
			proxyType = 2;
			remoteGlobalIDString = 8C8480471A896EE30017C155;
			remoteInfo = TrustKit;
		};
		8CBADADC1F2C08B900FCD7FB /* PBXContainerItemProxy */ = {
			isa = PBXContainerItemProxy;
			containerPortal = 8CBADACF1F2C08B900FCD7FB /* TrustKit.xcodeproj */;
			proxyType = 2;
			remoteGlobalIDString = 8C8716961B23A91D00267E1D;
			remoteInfo = TrustKit_Static;
		};
		8CBADADE1F2C08B900FCD7FB /* PBXContainerItemProxy */ = {
			isa = PBXContainerItemProxy;
			containerPortal = 8CBADACF1F2C08B900FCD7FB /* TrustKit.xcodeproj */;
			proxyType = 2;
			remoteGlobalIDString = 8C8480521A896EE30017C155;
			remoteInfo = TrustKitTests;
		};
		8CBADAE01F2C08B900FCD7FB /* PBXContainerItemProxy */ = {
			isa = PBXContainerItemProxy;
			containerPortal = 8CBADACF1F2C08B900FCD7FB /* TrustKit.xcodeproj */;
			proxyType = 2;
			remoteGlobalIDString = 8CA6CBFD1BAE2ADD00BDA419;
			remoteInfo = "TrustKit OS X";
		};
		8CBADAE21F2C08B900FCD7FB /* PBXContainerItemProxy */ = {
			isa = PBXContainerItemProxy;
			containerPortal = 8CBADACF1F2C08B900FCD7FB /* TrustKit.xcodeproj */;
			proxyType = 2;
			remoteGlobalIDString = 8CA6CC061BAE2ADD00BDA419;
			remoteInfo = "TrustKit OS XTests";
		};
		8CBADAE41F2C08B900FCD7FB /* PBXContainerItemProxy */ = {
			isa = PBXContainerItemProxy;
			containerPortal = 8CBADACF1F2C08B900FCD7FB /* TrustKit.xcodeproj */;
			proxyType = 2;
			remoteGlobalIDString = 8C84CBB21D6E0981009B3E7D;
			remoteInfo = "TrustKit tvOS";
		};
		8CBADAE61F2C08B900FCD7FB /* PBXContainerItemProxy */ = {
			isa = PBXContainerItemProxy;
			containerPortal = 8CBADACF1F2C08B900FCD7FB /* TrustKit.xcodeproj */;
			proxyType = 2;
			remoteGlobalIDString = 8C84CBDD1D6E1718009B3E7D;
			remoteInfo = "TrustKit tvOS Tests";
		};
		8CBADAE81F2C08B900FCD7FB /* PBXContainerItemProxy */ = {
			isa = PBXContainerItemProxy;
			containerPortal = 8CBADACF1F2C08B900FCD7FB /* TrustKit.xcodeproj */;
			proxyType = 2;
			remoteGlobalIDString = 8CC5D24E1D6E64D10074F515;
			remoteInfo = "TrustKit watchOS";
		};
		8CBADAEC1F2C08DD00FCD7FB /* PBXContainerItemProxy */ = {
			isa = PBXContainerItemProxy;
			containerPortal = 8CBADACF1F2C08B900FCD7FB /* TrustKit.xcodeproj */;
			proxyType = 1;
			remoteGlobalIDString = 8C8480461A896EE30017C155;
			remoteInfo = TrustKit;
		};
/* End PBXContainerItemProxy section */

/* Begin PBXCopyFilesBuildPhase section */
		8CBADAEE1F2C08DD00FCD7FB /* Embed Frameworks */ = {
			isa = PBXCopyFilesBuildPhase;
			buildActionMask = 2147483647;
			dstPath = "";
			dstSubfolderSpec = 10;
			files = (
				8CBADAEB1F2C08DD00FCD7FB /* TrustKit.framework in Embed Frameworks */,
			);
			name = "Embed Frameworks";
			runOnlyForDeploymentPostprocessing = 0;
		};
/* End PBXCopyFilesBuildPhase section */

/* Begin PBXFileReference section */
		8CBADAB51F2C088800FCD7FB /* TestSwizzling.app */ = {isa = PBXFileReference; explicitFileType = wrapper.application; includeInIndex = 0; path = TestSwizzling.app; sourceTree = BUILT_PRODUCTS_DIR; };
		8CBADAB91F2C088800FCD7FB /* main.m */ = {isa = PBXFileReference; lastKnownFileType = sourcecode.c.objc; path = main.m; sourceTree = "<group>"; };
		8CBADABB1F2C088800FCD7FB /* AppDelegate.h */ = {isa = PBXFileReference; lastKnownFileType = sourcecode.c.h; path = AppDelegate.h; sourceTree = "<group>"; };
		8CBADABC1F2C088800FCD7FB /* AppDelegate.m */ = {isa = PBXFileReference; lastKnownFileType = sourcecode.c.objc; path = AppDelegate.m; sourceTree = "<group>"; };
		8CBADABE1F2C088800FCD7FB /* ViewController.h */ = {isa = PBXFileReference; lastKnownFileType = sourcecode.c.h; path = ViewController.h; sourceTree = "<group>"; };
		8CBADABF1F2C088800FCD7FB /* ViewController.m */ = {isa = PBXFileReference; lastKnownFileType = sourcecode.c.objc; path = ViewController.m; sourceTree = "<group>"; };
		8CBADAC21F2C088800FCD7FB /* Base */ = {isa = PBXFileReference; lastKnownFileType = file.storyboard; name = Base; path = Base.lproj/Main.storyboard; sourceTree = "<group>"; };
		8CBADAC41F2C088800FCD7FB /* Assets.xcassets */ = {isa = PBXFileReference; lastKnownFileType = folder.assetcatalog; path = Assets.xcassets; sourceTree = "<group>"; };
		8CBADAC71F2C088800FCD7FB /* Base */ = {isa = PBXFileReference; lastKnownFileType = file.storyboard; name = Base; path = Base.lproj/LaunchScreen.storyboard; sourceTree = "<group>"; };
		8CBADAC91F2C088800FCD7FB /* Info.plist */ = {isa = PBXFileReference; lastKnownFileType = text.plist.xml; path = Info.plist; sourceTree = "<group>"; };
		8CBADACF1F2C08B900FCD7FB /* TrustKit.xcodeproj */ = {isa = PBXFileReference; lastKnownFileType = "wrapper.pb-project"; name = TrustKit.xcodeproj; path = ../../TrustKit/TrustKit.xcodeproj; sourceTree = "<group>"; };
/* End PBXFileReference section */

/* Begin PBXFrameworksBuildPhase section */
		8CBADAB21F2C088800FCD7FB /* Frameworks */ = {
			isa = PBXFrameworksBuildPhase;
			buildActionMask = 2147483647;
			files = (
				8CBADAEA1F2C08DD00FCD7FB /* TrustKit.framework in Frameworks */,
			);
			runOnlyForDeploymentPostprocessing = 0;
		};
/* End PBXFrameworksBuildPhase section */

/* Begin PBXGroup section */
		8CBADAAC1F2C088800FCD7FB = {
			isa = PBXGroup;
			children = (
				8CBADACF1F2C08B900FCD7FB /* TrustKit.xcodeproj */,
				8CBADAB71F2C088800FCD7FB /* TestSwizzling */,
				8CBADAB61F2C088800FCD7FB /* Products */,
			);
			sourceTree = "<group>";
		};
		8CBADAB61F2C088800FCD7FB /* Products */ = {
			isa = PBXGroup;
			children = (
				8CBADAB51F2C088800FCD7FB /* TestSwizzling.app */,
			);
			name = Products;
			sourceTree = "<group>";
		};
		8CBADAB71F2C088800FCD7FB /* TestSwizzling */ = {
			isa = PBXGroup;
			children = (
				8CBADABB1F2C088800FCD7FB /* AppDelegate.h */,
				8CBADABC1F2C088800FCD7FB /* AppDelegate.m */,
				8CBADABE1F2C088800FCD7FB /* ViewController.h */,
				8CBADABF1F2C088800FCD7FB /* ViewController.m */,
				8CBADAC11F2C088800FCD7FB /* Main.storyboard */,
				8CBADAC41F2C088800FCD7FB /* Assets.xcassets */,
				8CBADAC61F2C088800FCD7FB /* LaunchScreen.storyboard */,
				8CBADAC91F2C088800FCD7FB /* Info.plist */,
				8CBADAB81F2C088800FCD7FB /* Supporting Files */,
			);
			path = TestSwizzling;
			sourceTree = "<group>";
		};
		8CBADAB81F2C088800FCD7FB /* Supporting Files */ = {
			isa = PBXGroup;
			children = (
				8CBADAB91F2C088800FCD7FB /* main.m */,
			);
			name = "Supporting Files";
			sourceTree = "<group>";
		};
		8CBADAD01F2C08B900FCD7FB /* Products */ = {
			isa = PBXGroup;
			children = (
				8CBADADB1F2C08B900FCD7FB /* TrustKit.framework */,
				8CBADADD1F2C08B900FCD7FB /* libTrustKit_Static.a */,
				8CBADADF1F2C08B900FCD7FB /* TrustKitTests.xctest */,
				8CBADAE11F2C08B900FCD7FB /* TrustKit.framework */,
				8CBADAE31F2C08B900FCD7FB /* TrustKit OS XTests.xctest */,
				8CBADAE51F2C08B900FCD7FB /* TrustKit.framework */,
				8CBADAE71F2C08B900FCD7FB /* TrustKit tvOS Tests.xctest */,
				8CBADAE91F2C08B900FCD7FB /* TrustKit.framework */,
			);
			name = Products;
			sourceTree = "<group>";
		};
/* End PBXGroup section */

/* Begin PBXNativeTarget section */
		8CBADAB41F2C088800FCD7FB /* TestSwizzling */ = {
			isa = PBXNativeTarget;
			buildConfigurationList = 8CBADACC1F2C088800FCD7FB /* Build configuration list for PBXNativeTarget "TestSwizzling" */;
			buildPhases = (
				8CBADAB11F2C088800FCD7FB /* Sources */,
				8CBADAB21F2C088800FCD7FB /* Frameworks */,
				8CBADAB31F2C088800FCD7FB /* Resources */,
				8CBADAEE1F2C08DD00FCD7FB /* Embed Frameworks */,
			);
			buildRules = (
			);
			dependencies = (
				8CBADAED1F2C08DD00FCD7FB /* PBXTargetDependency */,
			);
			name = TestSwizzling;
			productName = TestSwizzling;
			productReference = 8CBADAB51F2C088800FCD7FB /* TestSwizzling.app */;
			productType = "com.apple.product-type.application";
		};
/* End PBXNativeTarget section */

/* Begin PBXProject section */
		8CBADAAD1F2C088800FCD7FB /* Project object */ = {
			isa = PBXProject;
			attributes = {
				LastUpgradeCheck = 0830;
				ORGANIZATIONNAME = "Alban Diquet";
				TargetAttributes = {
					8CBADAB41F2C088800FCD7FB = {
						CreatedOnToolsVersion = 8.3.3;
						DevelopmentTeam = D94Z5227S5;
						ProvisioningStyle = Automatic;
					};
				};
			};
			buildConfigurationList = 8CBADAB01F2C088800FCD7FB /* Build configuration list for PBXProject "TestSwizzling" */;
			compatibilityVersion = "Xcode 3.2";
			developmentRegion = English;
			hasScannedForEncodings = 0;
			knownRegions = (
				en,
				Base,
			);
			mainGroup = 8CBADAAC1F2C088800FCD7FB;
			productRefGroup = 8CBADAB61F2C088800FCD7FB /* Products */;
			projectDirPath = "";
			projectReferences = (
				{
					ProductGroup = 8CBADAD01F2C08B900FCD7FB /* Products */;
					ProjectRef = 8CBADACF1F2C08B900FCD7FB /* TrustKit.xcodeproj */;
				},
			);
			projectRoot = "";
			targets = (
				8CBADAB41F2C088800FCD7FB /* TestSwizzling */,
			);
		};
/* End PBXProject section */

/* Begin PBXReferenceProxy section */
		8CBADADB1F2C08B900FCD7FB /* TrustKit.framework */ = {
			isa = PBXReferenceProxy;
			fileType = wrapper.framework;
			path = TrustKit.framework;
			remoteRef = 8CBADADA1F2C08B900FCD7FB /* PBXContainerItemProxy */;
			sourceTree = BUILT_PRODUCTS_DIR;
		};
		8CBADADD1F2C08B900FCD7FB /* libTrustKit_Static.a */ = {
			isa = PBXReferenceProxy;
			fileType = archive.ar;
			path = libTrustKit_Static.a;
			remoteRef = 8CBADADC1F2C08B900FCD7FB /* PBXContainerItemProxy */;
			sourceTree = BUILT_PRODUCTS_DIR;
		};
		8CBADADF1F2C08B900FCD7FB /* TrustKitTests.xctest */ = {
			isa = PBXReferenceProxy;
			fileType = wrapper.cfbundle;
			path = TrustKitTests.xctest;
			remoteRef = 8CBADADE1F2C08B900FCD7FB /* PBXContainerItemProxy */;
			sourceTree = BUILT_PRODUCTS_DIR;
		};
		8CBADAE11F2C08B900FCD7FB /* TrustKit.framework */ = {
			isa = PBXReferenceProxy;
			fileType = wrapper.framework;
			path = TrustKit.framework;
			remoteRef = 8CBADAE01F2C08B900FCD7FB /* PBXContainerItemProxy */;
			sourceTree = BUILT_PRODUCTS_DIR;
		};
		8CBADAE31F2C08B900FCD7FB /* TrustKit OS XTests.xctest */ = {
			isa = PBXReferenceProxy;
			fileType = wrapper.cfbundle;
			path = "TrustKit OS XTests.xctest";
			remoteRef = 8CBADAE21F2C08B900FCD7FB /* PBXContainerItemProxy */;
			sourceTree = BUILT_PRODUCTS_DIR;
		};
		8CBADAE51F2C08B900FCD7FB /* TrustKit.framework */ = {
			isa = PBXReferenceProxy;
			fileType = wrapper.framework;
			path = TrustKit.framework;
			remoteRef = 8CBADAE41F2C08B900FCD7FB /* PBXContainerItemProxy */;
			sourceTree = BUILT_PRODUCTS_DIR;
		};
		8CBADAE71F2C08B900FCD7FB /* TrustKit tvOS Tests.xctest */ = {
			isa = PBXReferenceProxy;
			fileType = wrapper.cfbundle;
			path = "TrustKit tvOS Tests.xctest";
			remoteRef = 8CBADAE61F2C08B900FCD7FB /* PBXContainerItemProxy */;
			sourceTree = BUILT_PRODUCTS_DIR;
		};
		8CBADAE91F2C08B900FCD7FB /* TrustKit.framework */ = {
			isa = PBXReferenceProxy;
			fileType = wrapper.framework;
			path = TrustKit.framework;
			remoteRef = 8CBADAE81F2C08B900FCD7FB /* PBXContainerItemProxy */;
			sourceTree = BUILT_PRODUCTS_DIR;
		};
/* End PBXReferenceProxy section */

/* Begin PBXResourcesBuildPhase section */
		8CBADAB31F2C088800FCD7FB /* Resources */ = {
			isa = PBXResourcesBuildPhase;
			buildActionMask = 2147483647;
			files = (
				8CBADAC81F2C088800FCD7FB /* LaunchScreen.storyboard in Resources */,
				8CBADAC51F2C088800FCD7FB /* Assets.xcassets in Resources */,
				8CBADAC31F2C088800FCD7FB /* Main.storyboard in Resources */,
			);
			runOnlyForDeploymentPostprocessing = 0;
		};
/* End PBXResourcesBuildPhase section */

/* Begin PBXSourcesBuildPhase section */
		8CBADAB11F2C088800FCD7FB /* Sources */ = {
			isa = PBXSourcesBuildPhase;
			buildActionMask = 2147483647;
			files = (
				8CBADAC01F2C088800FCD7FB /* ViewController.m in Sources */,
				8CBADABD1F2C088800FCD7FB /* AppDelegate.m in Sources */,
				8CBADABA1F2C088800FCD7FB /* main.m in Sources */,
			);
			runOnlyForDeploymentPostprocessing = 0;
		};
/* End PBXSourcesBuildPhase section */

/* Begin PBXTargetDependency section */
		8CBADAED1F2C08DD00FCD7FB /* PBXTargetDependency */ = {
			isa = PBXTargetDependency;
			name = TrustKit;
			targetProxy = 8CBADAEC1F2C08DD00FCD7FB /* PBXContainerItemProxy */;
		};
/* End PBXTargetDependency section */

/* Begin PBXVariantGroup section */
		8CBADAC11F2C088800FCD7FB /* Main.storyboard */ = {
			isa = PBXVariantGroup;
			children = (
				8CBADAC21F2C088800FCD7FB /* Base */,
			);
			name = Main.storyboard;
			sourceTree = "<group>";
		};
		8CBADAC61F2C088800FCD7FB /* LaunchScreen.storyboard */ = {
			isa = PBXVariantGroup;
			children = (
				8CBADAC71F2C088800FCD7FB /* Base */,
			);
			name = LaunchScreen.storyboard;
			sourceTree = "<group>";
		};
/* End PBXVariantGroup section */

/* Begin XCBuildConfiguration section */
		8CBADACA1F2C088800FCD7FB /* Debug */ = {
			isa = XCBuildConfiguration;
			buildSettings = {
				ALWAYS_SEARCH_USER_PATHS = NO;
				CLANG_ANALYZER_NONNULL = YES;
				CLANG_ANALYZER_NUMBER_OBJECT_CONVERSION = YES_AGGRESSIVE;
				CLANG_CXX_LANGUAGE_STANDARD = "gnu++0x";
				CLANG_CXX_LIBRARY = "libc++";
				CLANG_ENABLE_MODULES = YES;
				CLANG_ENABLE_OBJC_ARC = YES;
				CLANG_WARN_BOOL_CONVERSION = YES;
				CLANG_WARN_CONSTANT_CONVERSION = YES;
				CLANG_WARN_DIRECT_OBJC_ISA_USAGE = YES_ERROR;
				CLANG_WARN_DOCUMENTATION_COMMENTS = YES;
				CLANG_WARN_EMPTY_BODY = YES;
				CLANG_WARN_ENUM_CONVERSION = YES;
				CLANG_WARN_INFINITE_RECURSION = YES;
				CLANG_WARN_INT_CONVERSION = YES;
				CLANG_WARN_OBJC_ROOT_CLASS = YES_ERROR;
				CLANG_WARN_SUSPICIOUS_MOVE = YES;
				CLANG_WARN_UNREACHABLE_CODE = YES;
				CLANG_WARN__DUPLICATE_METHOD_MATCH = YES;
				"CODE_SIGN_IDENTITY[sdk=iphoneos*]" = "iPhone Developer";
				COPY_PHASE_STRIP = NO;
				DEBUG_INFORMATION_FORMAT = dwarf;
				ENABLE_STRICT_OBJC_MSGSEND = YES;
				ENABLE_TESTABILITY = YES;
				GCC_C_LANGUAGE_STANDARD = gnu99;
				GCC_DYNAMIC_NO_PIC = NO;
				GCC_NO_COMMON_BLOCKS = YES;
				GCC_OPTIMIZATION_LEVEL = 0;
				GCC_PREPROCESSOR_DEFINITIONS = (
					"DEBUG=1",
					"$(inherited)",
				);
				GCC_WARN_64_TO_32_BIT_CONVERSION = YES;
				GCC_WARN_ABOUT_RETURN_TYPE = YES_ERROR;
				GCC_WARN_UNDECLARED_SELECTOR = YES;
				GCC_WARN_UNINITIALIZED_AUTOS = YES_AGGRESSIVE;
				GCC_WARN_UNUSED_FUNCTION = YES;
				GCC_WARN_UNUSED_VARIABLE = YES;
				IPHONEOS_DEPLOYMENT_TARGET = 10.3;
				MTL_ENABLE_DEBUG_INFO = YES;
				ONLY_ACTIVE_ARCH = YES;
				SDKROOT = iphoneos;
				TARGETED_DEVICE_FAMILY = "1,2";
			};
			name = Debug;
		};
		8CBADACB1F2C088800FCD7FB /* Release */ = {
			isa = XCBuildConfiguration;
			buildSettings = {
				ALWAYS_SEARCH_USER_PATHS = NO;
				CLANG_ANALYZER_NONNULL = YES;
				CLANG_ANALYZER_NUMBER_OBJECT_CONVERSION = YES_AGGRESSIVE;
				CLANG_CXX_LANGUAGE_STANDARD = "gnu++0x";
				CLANG_CXX_LIBRARY = "libc++";
				CLANG_ENABLE_MODULES = YES;
				CLANG_ENABLE_OBJC_ARC = YES;
				CLANG_WARN_BOOL_CONVERSION = YES;
				CLANG_WARN_CONSTANT_CONVERSION = YES;
				CLANG_WARN_DIRECT_OBJC_ISA_USAGE = YES_ERROR;
				CLANG_WARN_DOCUMENTATION_COMMENTS = YES;
				CLANG_WARN_EMPTY_BODY = YES;
				CLANG_WARN_ENUM_CONVERSION = YES;
				CLANG_WARN_INFINITE_RECURSION = YES;
				CLANG_WARN_INT_CONVERSION = YES;
				CLANG_WARN_OBJC_ROOT_CLASS = YES_ERROR;
				CLANG_WARN_SUSPICIOUS_MOVE = YES;
				CLANG_WARN_UNREACHABLE_CODE = YES;
				CLANG_WARN__DUPLICATE_METHOD_MATCH = YES;
				"CODE_SIGN_IDENTITY[sdk=iphoneos*]" = "iPhone Developer";
				COPY_PHASE_STRIP = NO;
				DEBUG_INFORMATION_FORMAT = "dwarf-with-dsym";
				ENABLE_NS_ASSERTIONS = NO;
				ENABLE_STRICT_OBJC_MSGSEND = YES;
				GCC_C_LANGUAGE_STANDARD = gnu99;
				GCC_NO_COMMON_BLOCKS = YES;
				GCC_WARN_64_TO_32_BIT_CONVERSION = YES;
				GCC_WARN_ABOUT_RETURN_TYPE = YES_ERROR;
				GCC_WARN_UNDECLARED_SELECTOR = YES;
				GCC_WARN_UNINITIALIZED_AUTOS = YES_AGGRESSIVE;
				GCC_WARN_UNUSED_FUNCTION = YES;
				GCC_WARN_UNUSED_VARIABLE = YES;
				IPHONEOS_DEPLOYMENT_TARGET = 10.3;
				MTL_ENABLE_DEBUG_INFO = NO;
				SDKROOT = iphoneos;
				TARGETED_DEVICE_FAMILY = "1,2";
				VALIDATE_PRODUCT = YES;
			};
			name = Release;
		};
		8CBADACD1F2C088800FCD7FB /* Debug */ = {
			isa = XCBuildConfiguration;
			buildSettings = {
				ASSETCATALOG_COMPILER_APPICON_NAME = AppIcon;
				DEVELOPMENT_TEAM = D94Z5227S5;
				INFOPLIST_FILE = TestSwizzling/Info.plist;
				IPHONEOS_DEPLOYMENT_TARGET = 8.0;
				LD_RUNPATH_SEARCH_PATHS = "$(inherited) @executable_path/Frameworks";
				PRODUCT_BUNDLE_IDENTIFIER = "com.nabla-c0d3.TestSwizzling";
				PRODUCT_NAME = "$(TARGET_NAME)";
			};
			name = Debug;
		};
		8CBADACE1F2C088800FCD7FB /* Release */ = {
			isa = XCBuildConfiguration;
			buildSettings = {
				ASSETCATALOG_COMPILER_APPICON_NAME = AppIcon;
				DEVELOPMENT_TEAM = D94Z5227S5;
				INFOPLIST_FILE = TestSwizzling/Info.plist;
				IPHONEOS_DEPLOYMENT_TARGET = 8.0;
				LD_RUNPATH_SEARCH_PATHS = "$(inherited) @executable_path/Frameworks";
				PRODUCT_BUNDLE_IDENTIFIER = "com.nabla-c0d3.TestSwizzling";
				PRODUCT_NAME = "$(TARGET_NAME)";
			};
			name = Release;
		};
/* End XCBuildConfiguration section */

/* Begin XCConfigurationList section */
		8CBADAB01F2C088800FCD7FB /* Build configuration list for PBXProject "TestSwizzling" */ = {
			isa = XCConfigurationList;
			buildConfigurations = (
				8CBADACA1F2C088800FCD7FB /* Debug */,
				8CBADACB1F2C088800FCD7FB /* Release */,
			);
			defaultConfigurationIsVisible = 0;
			defaultConfigurationName = Release;
		};
		8CBADACC1F2C088800FCD7FB /* Build configuration list for PBXNativeTarget "TestSwizzling" */ = {
			isa = XCConfigurationList;
			buildConfigurations = (
				8CBADACD1F2C088800FCD7FB /* Debug */,
				8CBADACE1F2C088800FCD7FB /* Release */,
			);
			defaultConfigurationIsVisible = 0;
		};
/* End XCConfigurationList section */
	};
	rootObject = 8CBADAAD1F2C088800FCD7FB /* Project object */;
}
